{
    "requires": true,
    "lockfileVersion": 1,
    "dependencies": {
        "pfinaljs": {
            "version": "0.0.1",
            "resolved": "https://registry.npmjs.org/pfinaljs/-/pfinaljs-0.0.1.tgz",
            "integrity": "sha512-/ZSA7xYE96E+tJUxfKoPXxY5Dx0xuuYQV4hHNowe+yNLB77cQuL3wzOlY5fm8VksZvUsgM7aldD4uXR+hZ3vmA=="
        }
    }
}
